Microsoft Visual Studio Solution File, Format Version 12.00
# Visual Studio Version 17
VisualStudioVersion = 17.5.2.0
MinimumVisualStudioVersion = 10.0.40219.1
Project("{FAE04EC0-301F-11D3-BF4B-00C04F79EFBC}") = "SkillMetrix-LMS.API", "SkillMetrix-LMS.API\SkillMetrix-LMS.API.csproj", "{EC98727F-A9EB-757D-436C-AC799F90FA55}"
EndProject
Global
	GlobalSection(SolutionConfigurationPlatforms) = preSolution
		Debug|Any CPU = Debug|Any CPU
		Release|Any CPU = Release|Any CPU
	EndGlobalSection
	GlobalSection(ProjectConfigurationPlatforms) = postSolution
		{EC98727F-A9EB-757D-436C-AC799F90FA55}.Debug|Any CPU.ActiveCfg = Debug|Any CPU
		{EC98727F-A9EB-757D-436C-AC799F90FA55}.Debug|Any CPU.Build.0 = Debug|Any CPU
		{EC98727F-A9EB-757D-436C-AC799F90FA55}.Release|Any CPU.ActiveCfg = Release|Any CPU
		{EC98727F-A9EB-757D-436C-AC799F90FA55}.Release|Any CPU.Build.0 = Release|Any CPU
	EndGlobalSection
	GlobalSection(SolutionProperties) = preSolution
		HideSolutionNode = FALSE
	EndGlobalSection
	GlobalSection(ExtensibilityGlobals) = postSolution
		SolutionGuid = {35AD79CF-5322-49EF-96F5-63D0C505A434}
	EndGlobalSection
EndGlobal
